{
  "name": "guide",
  "version": "1.0.0",
  "lockfileVersion": 2,
  "requires": true,
  "packages": {
    "": {
      "name": "guide",
      "version": "1.0.0",
      "hasInstallScript": true,
      "license": "ISC",
      "dependencies": {
        "@gouvfr/dsfr": "^1.7.2"
      }
    },
    "node_modules/@gouvfr/dsfr": {
      "version": "1.13.0",
      "resolved": "https://registry.npmjs.org/@gouvfr/dsfr/-/dsfr-1.13.0.tgz",
      "integrity": "sha512-I6JLYfE63dogk5qOx69gMfW/bKsm+daFgfx2QX75isbKBy5khlJdVxOD0A6ohvywvUJlEcZTmVK8rNHeVvGmgw==",
      "license": "SEE LICENSE IN LICENSE.md",
      "engines": {
        "node": ">=18.16.1"
      }
    }
  },
  "dependencies": {
    "@gouvfr/dsfr": {
      "version": "1.13.0",
      "resolved": "https://registry.npmjs.org/@gouvfr/dsfr/-/dsfr-1.13.0.tgz",
      "integrity": "sha512-I6JLYfE63dogk5qOx69gMfW/bKsm+daFgfx2QX75isbKBy5khlJdVxOD0A6ohvywvUJlEcZTmVK8rNHeVvGmgw=="
    }
  }
}
