{
  "name": "guide",
  "version": "1.0.0",
  "lockfileVersion": 2,
  "requires": true,
  "packages": {
    "": {
      "name": "guide",
      "version": "1.0.0",
      "hasInstallScript": true,
      "license": "ISC",
      "dependencies": {
        "@gouvfr/dsfr": "^1.7.2"
      }
    },
    "node_modules/@gouvfr/dsfr": {
      "version": "1.14.3",
      "resolved": "https://registry.npmjs.org/@gouvfr/dsfr/-/dsfr-1.14.3.tgz",
      "integrity": "sha512-UTplClQLp635J4vRHx/rJ7SKEi+bepc1FisvzTS8efQGQ3Gm8LttZf11NJ+4XhEMYLbCf8TBvFFwWBZ9ztRFkg==",
      "license": "SEE LICENSE IN LICENSE.md",
      "engines": {
        "node": "^20.19.0 || ^22.12.0 || >=24.0.0"
      }
    }
  },
  "dependencies": {
    "@gouvfr/dsfr": {
      "version": "1.14.3",
      "resolved": "https://registry.npmjs.org/@gouvfr/dsfr/-/dsfr-1.14.3.tgz",
      "integrity": "sha512-UTplClQLp635J4vRHx/rJ7SKEi+bepc1FisvzTS8efQGQ3Gm8LttZf11NJ+4XhEMYLbCf8TBvFFwWBZ9ztRFkg=="
    }
  }
}
